// !$*UTF8*$!
{
	archiveVersion = 1;
	classes = {
	};
	objectVersion = 56;
	objects = {

/* Begin PBXBuildFile section */
		2E90A2C52B91FBE5007F4611 /* Viewcontroller.swift in Sources */ = {isa = PBXBuildFile; fileRef = 2E90A2C42B91FBE5007F4611 /* Viewcontroller.swift */; };
		2E90A2C72B91FC40007F4611 /* LocateMe.swift in Sources */ = {isa = PBXBuildFile; fileRef = 2E90A2C62B91FC40007F4611 /* LocateMe.swift */; };
		2E90A2C92B92006E007F4611 /* LocationManager.swift in Sources */ = {isa = PBXBuildFile; fileRef = 2E90A2C82B92006E007F4611 /* LocationManager.swift */; };
		2E90A2CB2B92048F007F4611 /* MyButtonStyle.swift in Sources */ = {isa = PBXBuildFile; fileRef = 2E90A2CA2B92048F007F4611 /* MyButtonStyle.swift */; };
		5272D0C32B7E3D8B00A7F1AF /* AppDelegate.swift in Sources */ = {isa = PBXBuildFile; fileRef = 5272D0C22B7E3D8B00A7F1AF /* AppDelegate.swift */; };
		5272D0C52B7E3D8B00A7F1AF /* SceneDelegate.swift in Sources */ = {isa = PBXBuildFile; fileRef = 5272D0C42B7E3D8B00A7F1AF /* SceneDelegate.swift */; };
		5272D0CA2B7E3D8B00A7F1AF /* Main.storyboard in Resources */ = {isa = PBXBuildFile; fileRef = 5272D0C82B7E3D8B00A7F1AF /* Main.storyboard */; };
		5272D0CC2B7E3D8D00A7F1AF /* Assets.xcassets in Resources */ = {isa = PBXBuildFile; fileRef = 5272D0CB2B7E3D8D00A7F1AF /* Assets.xcassets */; };
		5272D0CF2B7E3D8D00A7F1AF /* LaunchScreen.storyboard in Resources */ = {isa = PBXBuildFile; fileRef = 5272D0CD2B7E3D8D00A7F1AF /* LaunchScreen.storyboard */; };
		5272D0D82B7E3DEC00A7F1AF /* MapboxMaps in Frameworks */ = {isa = PBXBuildFile; productRef = 5272D0D72B7E3DEC00A7F1AF /* MapboxMaps */; };
		5272D0DC2B803F3500A7F1AF /* BearingManager.swift in Sources */ = {isa = PBXBuildFile; fileRef = 5272D0DB2B803F3500A7F1AF /* BearingManager.swift */; };
		527D1BEE2BA1C08400676BB8 /* BusStop.swift in Sources */ = {isa = PBXBuildFile; fileRef = 527D1BED2BA1C08400676BB8 /* BusStop.swift */; };
		527D1BF02BA1C18A00676BB8 /* BusLists.swift in Sources */ = {isa = PBXBuildFile; fileRef = 527D1BEF2BA1C18A00676BB8 /* BusLists.swift */; };
		527D1BF22BA1C4C200676BB8 /* BusViewModel.swift in Sources */ = {isa = PBXBuildFile; fileRef = 527D1BF12BA1C4C200676BB8 /* BusViewModel.swift */; };
		527D1BF42BA1C50700676BB8 /* BusView.swift in Sources */ = {isa = PBXBuildFile; fileRef = 527D1BF32BA1C50700676BB8 /* BusView.swift */; };
		527D1BF62BA1C65000676BB8 /* BusUIViewController.swift in Sources */ = {isa = PBXBuildFile; fileRef = 527D1BF52BA1C65000676BB8 /* BusUIViewController.swift */; };
		52C40F392B86194100F65A01 /* User.swift in Sources */ = {isa = PBXBuildFile; fileRef = 52C40F382B86194100F65A01 /* User.swift */; };
		52C40F3C2B86195C00F65A01 /* APIService.swift in Sources */ = {isa = PBXBuildFile; fileRef = 52C40F3B2B86195C00F65A01 /* APIService.swift */; };
		52C40F402B861A0100F65A01 /* HomeVIewModel.swift in Sources */ = {isa = PBXBuildFile; fileRef = 52C40F3F2B861A0100F65A01 /* HomeVIewModel.swift */; };
		52C40F442B861BBC00F65A01 /* HomeViewController.swift in Sources */ = {isa = PBXBuildFile; fileRef = 52C40F432B861BBC00F65A01 /* HomeViewController.swift */; };
		52C40F462B861D6900F65A01 /* HomeView.swift in Sources */ = {isa = PBXBuildFile; fileRef = 52C40F452B861D6900F65A01 /* HomeView.swift */; };
/* End PBXBuildFile section */

/* Begin PBXFileReference section */
		2E90A2C42B91FBE5007F4611 /* Viewcontroller.swift */ = {isa = PBXFileReference; lastKnownFileType = sourcecode.swift; name = Viewcontroller.swift; path = "3D-public-transportation/Viewcontroller.swift"; sourceTree = SOURCE_ROOT; };
		2E90A2C62B91FC40007F4611 /* LocateMe.swift */ = {isa = PBXFileReference; lastKnownFileType = sourcecode.swift; name = LocateMe.swift; path = "3D-public-transportation/LocateMe.swift"; sourceTree = SOURCE_ROOT; };
		2E90A2C82B92006E007F4611 /* LocationManager.swift */ = {isa = PBXFileReference; lastKnownFileType = sourcecode.swift; path = LocationManager.swift; sourceTree = "<group>"; };
		2E90A2CA2B92048F007F4611 /* MyButtonStyle.swift */ = {isa = PBXFileReference; lastKnownFileType = sourcecode.swift; name = MyButtonStyle.swift; path = "3D-public-transportation/MyButtonStyle.swift"; sourceTree = SOURCE_ROOT; };
		5272D0BF2B7E3D8B00A7F1AF /* 3d-public-transportation.app */ = {isa = PBXFileReference; explicitFileType = wrapper.application; includeInIndex = 0; path = "3d-public-transportation.app"; sourceTree = BUILT_PRODUCTS_DIR; };
		5272D0C22B7E3D8B00A7F1AF /* AppDelegate.swift */ = {isa = PBXFileReference; lastKnownFileType = sourcecode.swift; path = AppDelegate.swift; sourceTree = "<group>"; };
		5272D0C42B7E3D8B00A7F1AF /* SceneDelegate.swift */ = {isa = PBXFileReference; lastKnownFileType = sourcecode.swift; path = SceneDelegate.swift; sourceTree = "<group>"; };
		5272D0C92B7E3D8B00A7F1AF /* Base */ = {isa = PBXFileReference; lastKnownFileType = file.storyboard; name = Base; path = Base.lproj/Main.storyboard; sourceTree = "<group>"; };
		5272D0CB2B7E3D8D00A7F1AF /* Assets.xcassets */ = {isa = PBXFileReference; lastKnownFileType = folder.assetcatalog; path = Assets.xcassets; sourceTree = "<group>"; };
		5272D0CE2B7E3D8D00A7F1AF /* Base */ = {isa = PBXFileReference; lastKnownFileType = file.storyboard; name = Base; path = Base.lproj/LaunchScreen.storyboard; sourceTree = "<group>"; };
		5272D0D02B7E3D8D00A7F1AF /* Info.plist */ = {isa = PBXFileReference; lastKnownFileType = text.plist.xml; path = Info.plist; sourceTree = "<group>"; };
		5272D0DB2B803F3500A7F1AF /* BearingManager.swift */ = {isa = PBXFileReference; lastKnownFileType = sourcecode.swift; path = BearingManager.swift; sourceTree = "<group>"; };
		527D1BED2BA1C08400676BB8 /* BusStop.swift */ = {isa = PBXFileReference; lastKnownFileType = sourcecode.swift; path = BusStop.swift; sourceTree = "<group>"; };
		527D1BEF2BA1C18A00676BB8 /* BusLists.swift */ = {isa = PBXFileReference; lastKnownFileType = sourcecode.swift; path = BusLists.swift; sourceTree = "<group>"; };
		527D1BF12BA1C4C200676BB8 /* BusViewModel.swift */ = {isa = PBXFileReference; lastKnownFileType = sourcecode.swift; path = BusViewModel.swift; sourceTree = "<group>"; };
		527D1BF32BA1C50700676BB8 /* BusView.swift */ = {isa = PBXFileReference; lastKnownFileType = sourcecode.swift; path = BusView.swift; sourceTree = "<group>"; };
		527D1BF52BA1C65000676BB8 /* BusUIViewController.swift */ = {isa = PBXFileReference; lastKnownFileType = sourcecode.swift; path = BusUIViewController.swift; sourceTree = "<group>"; };
		52C40F382B86194100F65A01 /* User.swift */ = {isa = PBXFileReference; lastKnownFileType = sourcecode.swift; path = User.swift; sourceTree = "<group>"; };
		52C40F3B2B86195C00F65A01 /* APIService.swift */ = {isa = PBXFileReference; lastKnownFileType = sourcecode.swift; path = APIService.swift; sourceTree = "<group>"; };
		52C40F3F2B861A0100F65A01 /* HomeVIewModel.swift */ = {isa = PBXFileReference; lastKnownFileType = sourcecode.swift; path = HomeVIewModel.swift; sourceTree = "<group>"; };
		52C40F432B861BBC00F65A01 /* HomeViewController.swift */ = {isa = PBXFileReference; lastKnownFileType = sourcecode.swift; path = HomeViewController.swift; sourceTree = "<group>"; };
		52C40F452B861D6900F65A01 /* HomeView.swift */ = {isa = PBXFileReference; lastKnownFileType = sourcecode.swift; path = HomeView.swift; sourceTree = "<group>"; };
/* End PBXFileReference section */

/* Begin PBXFrameworksBuildPhase section */
		5272D0BC2B7E3D8B00A7F1AF /* Frameworks */ = {
			isa = PBXFrameworksBuildPhase;
			buildActionMask = 2147483647;
			files = (
				5272D0D82B7E3DEC00A7F1AF /* MapboxMaps in Frameworks */,
			);
			runOnlyForDeploymentPostprocessing = 0;
		};
/* End PBXFrameworksBuildPhase section */

/* Begin PBXGroup section */
		5272D0B62B7E3D8B00A7F1AF = {
			isa = PBXGroup;
			children = (
				2E90A2C82B92006E007F4611 /* LocationManager.swift */,
				5272D0C12B7E3D8B00A7F1AF /* 3d-public-transportation */,
				5272D0C02B7E3D8B00A7F1AF /* Products */,
			);
			sourceTree = "<group>";
		};
		5272D0C02B7E3D8B00A7F1AF /* Products */ = {
			isa = PBXGroup;
			children = (
				5272D0BF2B7E3D8B00A7F1AF /* 3d-public-transportation.app */,
			);
			name = Products;
			sourceTree = "<group>";
		};
		5272D0C12B7E3D8B00A7F1AF /* 3d-public-transportation */ = {
			isa = PBXGroup;
			children = (
				52C40F3D2B8619E000F65A01 /* View */,
				52C40F3A2B86194D00F65A01 /* Network */,
				52C40F372B86192F00F65A01 /* Models */,
				5272D0C22B7E3D8B00A7F1AF /* AppDelegate.swift */,
				5272D0C42B7E3D8B00A7F1AF /* SceneDelegate.swift */,
				5272D0C62B7E3D8B00A7F1AF /* ViewController.swift */,
				5272D0C82B7E3D8B00A7F1AF /* Main.storyboard */,
				5272D0CB2B7E3D8D00A7F1AF /* Assets.xcassets */,
				5272D0CD2B7E3D8D00A7F1AF /* LaunchScreen.storyboard */,
				5272D0D02B7E3D8D00A7F1AF /* Info.plist */,
				2E90A2C42B91FBE5007F4611 /* Viewcontroller.swift */,
				2E90A2C62B91FC40007F4611 /* LocateMe.swift */,
				2E90A2CA2B92048F007F4611 /* MyButtonStyle.swift */,
			);
			path = "3d-public-transportation";
			sourceTree = "<group>";
		};
		527D1BEC2BA1C05F00676BB8 /* Bus */ = {
			isa = PBXGroup;
			children = (
				527D1BF12BA1C4C200676BB8 /* BusViewModel.swift */,
				527D1BF32BA1C50700676BB8 /* BusView.swift */,
				527D1BF52BA1C65000676BB8 /* BusUIViewController.swift */,
			);
			path = Bus;
			sourceTree = "<group>";
		};
		52C40F372B86192F00F65A01 /* Models */ = {
			isa = PBXGroup;
			children = (
				52C40F382B86194100F65A01 /* User.swift */,
				527D1BED2BA1C08400676BB8 /* BusStop.swift */,
				527D1BEF2BA1C18A00676BB8 /* BusLists.swift */,
			);
			path = Models;
			sourceTree = "<group>";
		};
		52C40F3A2B86194D00F65A01 /* Network */ = {
			isa = PBXGroup;
			children = (
				52C40F3B2B86195C00F65A01 /* APIService.swift */,
			);
			path = Network;
			sourceTree = "<group>";
		};
		52C40F3D2B8619E000F65A01 /* View */ = {
			isa = PBXGroup;
			children = (
				527D1BEC2BA1C05F00676BB8 /* Bus */,
				52C40F3E2B8619F600F65A01 /* Home */,
			);
			path = View;
			sourceTree = "<group>";
		};
		52C40F3E2B8619F600F65A01 /* Home */ = {
			isa = PBXGroup;
			children = (
				52C40F3F2B861A0100F65A01 /* HomeVIewModel.swift */,
				52C40F432B861BBC00F65A01 /* HomeViewController.swift */,
				52C40F452B861D6900F65A01 /* HomeView.swift */,
			);
			path = Home;
			sourceTree = "<group>";
		};
/* End PBXGroup section */

/* Begin PBXNativeTarget section */
		5272D0BE2B7E3D8B00A7F1AF /* 3d-public-transportation */ = {
			isa = PBXNativeTarget;
			buildConfigurationList = 5272D0D32B7E3D8D00A7F1AF /* Build configuration list for PBXNativeTarget "3d-public-transportation" */;
			buildPhases = (
				5272D0BB2B7E3D8B00A7F1AF /* Sources */,
				5272D0BC2B7E3D8B00A7F1AF /* Frameworks */,
				5272D0BD2B7E3D8B00A7F1AF /* Resources */,
			);
			buildRules = (
			);
			dependencies = (
			);
			name = "3d-public-transportation";
			packageProductDependencies = (
				5272D0D72B7E3DEC00A7F1AF /* MapboxMaps */,
			);
			productName = "3d-public-transportation";
			productReference = 5272D0BF2B7E3D8B00A7F1AF /* 3d-public-transportation.app */;
			productType = "com.apple.product-type.application";
		};
/* End PBXNativeTarget section */

/* Begin PBXProject section */
		5272D0B72B7E3D8B00A7F1AF /* Project object */ = {
			isa = PBXProject;
			attributes = {
				BuildIndependentTargetsInParallel = 1;
				LastSwiftUpdateCheck = 1510;
				LastUpgradeCheck = 1510;
				TargetAttributes = {
					5272D0BE2B7E3D8B00A7F1AF = {
						CreatedOnToolsVersion = 15.1;
					};
				};
			};
			buildConfigurationList = 5272D0BA2B7E3D8B00A7F1AF /* Build configuration list for PBXProject "3D-public-transportation" */;
			compatibilityVersion = "Xcode 14.0";
			developmentRegion = en;
			hasScannedForEncodings = 0;
			knownRegions = (
				en,
				Base,
			);
			mainGroup = 5272D0B62B7E3D8B00A7F1AF;
			packageReferences = (
				5272D0D62B7E3DEC00A7F1AF /* XCRemoteSwiftPackageReference "mapbox-maps-ios" */,
			);
			productRefGroup = 5272D0C02B7E3D8B00A7F1AF /* Products */;
			projectDirPath = "";
			projectRoot = "";
			targets = (
				5272D0BE2B7E3D8B00A7F1AF /* 3d-public-transportation */,
			);
		};
/* End PBXProject section */

/* Begin PBXResourcesBuildPhase section */
		5272D0BD2B7E3D8B00A7F1AF /* Resources */ = {
			isa = PBXResourcesBuildPhase;
			buildActionMask = 2147483647;
			files = (
				5272D0CF2B7E3D8D00A7F1AF /* LaunchScreen.storyboard in Resources */,
				5272D0CC2B7E3D8D00A7F1AF /* Assets.xcassets in Resources */,
				5272D0CA2B7E3D8B00A7F1AF /* Main.storyboard in Resources */,
			);
			runOnlyForDeploymentPostprocessing = 0;
		};
/* End PBXResourcesBuildPhase section */

/* Begin PBXSourcesBuildPhase section */
		5272D0BB2B7E3D8B00A7F1AF /* Sources */ = {
			isa = PBXSourcesBuildPhase;
			buildActionMask = 2147483647;
			files = (
				527D1BEE2BA1C08400676BB8 /* BusStop.swift in Sources */,
				52C40F462B861D6900F65A01 /* HomeView.swift in Sources */,
				52C40F402B861A0100F65A01 /* HomeVIewModel.swift in Sources */,
				5272D0C72B7E3D8B00A7F1AF /* ViewController.swift in Sources */,
				5272D0C32B7E3D8B00A7F1AF /* AppDelegate.swift in Sources */,
				527D1BF02BA1C18A00676BB8 /* BusLists.swift in Sources */,
				52C40F442B861BBC00F65A01 /* HomeViewController.swift in Sources */,
				5272D0DC2B803F3500A7F1AF /* BearingManager.swift in Sources */,
				52C40F392B86194100F65A01 /* User.swift in Sources */,
				527D1BF42BA1C50700676BB8 /* BusView.swift in Sources */,
				52C40F3C2B86195C00F65A01 /* APIService.swift in Sources */,
				527D1BF62BA1C65000676BB8 /* BusUIViewController.swift in Sources */,
				5272D0C52B7E3D8B00A7F1AF /* SceneDelegate.swift in Sources */,
				527D1BF22BA1C4C200676BB8 /* BusViewModel.swift in Sources */,
			);
			runOnlyForDeploymentPostprocessing = 0;
		};
/* End PBXSourcesBuildPhase section */

/* Begin PBXVariantGroup section */
		5272D0C82B7E3D8B00A7F1AF /* Main.storyboard */ = {
			isa = PBXVariantGroup;
			children = (
				5272D0C92B7E3D8B00A7F1AF /* Base */,
			);
			name = Main.storyboard;
			sourceTree = "<group>";
		};
		5272D0CD2B7E3D8D00A7F1AF /* LaunchScreen.storyboard */ = {
			isa = PBXVariantGroup;
			children = (
				5272D0CE2B7E3D8D00A7F1AF /* Base */,
			);
			name = LaunchScreen.storyboard;
			sourceTree = "<group>";
		};
/* End PBXVariantGroup section */

/* Begin XCBuildConfiguration section */
		5272D0D12B7E3D8D00A7F1AF /* Debug */ = {
			isa = XCBuildConfiguration;
			buildSettings = {
				ALWAYS_SEARCH_USER_PATHS = NO;
				ASSETCATALOG_COMPILER_GENERATE_SWIFT_ASSET_SYMBOL_EXTENSIONS = YES;
				CLANG_ANALYZER_NONNULL = YES;
				CLANG_ANALYZER_NUMBER_OBJECT_CONVERSION = YES_AGGRESSIVE;
				CLANG_CXX_LANGUAGE_STANDARD = "gnu++20";
				CLANG_ENABLE_MODULES = YES;
				CLANG_ENABLE_OBJC_ARC = YES;
				CLANG_ENABLE_OBJC_WEAK = YES;
				CLANG_WARN_BLOCK_CAPTURE_AUTORELEASING = YES;
				CLANG_WARN_BOOL_CONVERSION = YES;
				CLANG_WARN_COMMA = YES;
				CLANG_WARN_CONSTANT_CONVERSION = YES;
				CLANG_WARN_DEPRECATED_OBJC_IMPLEMENTATIONS = YES;
				CLANG_WARN_DIRECT_OBJC_ISA_USAGE = YES_ERROR;
				CLANG_WARN_DOCUMENTATION_COMMENTS = YES;
				CLANG_WARN_EMPTY_BODY = YES;
				CLANG_WARN_ENUM_CONVERSION = YES;
				CLANG_WARN_INFINITE_RECURSION = YES;
				CLANG_WARN_INT_CONVERSION = YES;
				CLANG_WARN_NON_LITERAL_NULL_CONVERSION = YES;
				CLANG_WARN_OBJC_IMPLICIT_RETAIN_SELF = YES;
				CLANG_WARN_OBJC_LITERAL_CONVERSION = YES;
				CLANG_WARN_OBJC_ROOT_CLASS = YES_ERROR;
				CLANG_WARN_QUOTED_INCLUDE_IN_FRAMEWORK_HEADER = YES;
				CLANG_WARN_RANGE_LOOP_ANALYSIS = YES;
				CLANG_WARN_STRICT_PROTOTYPES = YES;
				CLANG_WARN_SUSPICIOUS_MOVE = YES;
				CLANG_WARN_UNGUARDED_AVAILABILITY = YES_AGGRESSIVE;
				CLANG_WARN_UNREACHABLE_CODE = YES;
				CLANG_WARN__DUPLICATE_METHOD_MATCH = YES;
				COPY_PHASE_STRIP = NO;
				DEBUG_INFORMATION_FORMAT = dwarf;
				ENABLE_STRICT_OBJC_MSGSEND = YES;
				ENABLE_TESTABILITY = YES;
				ENABLE_USER_SCRIPT_SANDBOXING = YES;
				GCC_C_LANGUAGE_STANDARD = gnu17;
				GCC_DYNAMIC_NO_PIC = NO;
				GCC_NO_COMMON_BLOCKS = YES;
				GCC_OPTIMIZATION_LEVEL = 0;
				GCC_PREPROCESSOR_DEFINITIONS = (
					"DEBUG=1",
					"$(inherited)",
				);
				GCC_WARN_64_TO_32_BIT_CONVERSION = YES;
				GCC_WARN_ABOUT_RETURN_TYPE = YES_ERROR;
				GCC_WARN_UNDECLARED_SELECTOR = YES;
				GCC_WARN_UNINITIALIZED_AUTOS = YES_AGGRESSIVE;
				GCC_WARN_UNUSED_FUNCTION = YES;
				GCC_WARN_UNUSED_VARIABLE = YES;
				IPHONEOS_DEPLOYMENT_TARGET = 17.2;
				LOCALIZATION_PREFERS_STRING_CATALOGS = YES;
				MTL_ENABLE_DEBUG_INFO = INCLUDE_SOURCE;
				MTL_FAST_MATH = YES;
				ONLY_ACTIVE_ARCH = YES;
				SDKROOT = iphoneos;
				SWIFT_ACTIVE_COMPILATION_CONDITIONS = "DEBUG $(inherited)";
				SWIFT_OPTIMIZATION_LEVEL = "-Onone";
			};
			name = Debug;
		};
		5272D0D22B7E3D8D00A7F1AF /* Release */ = {
			isa = XCBuildConfiguration;
			buildSettings = {
				ALWAYS_SEARCH_USER_PATHS = NO;
				ASSETCATALOG_COMPILER_GENERATE_SWIFT_ASSET_SYMBOL_EXTENSIONS = YES;
				CLANG_ANALYZER_NONNULL = YES;
				CLANG_ANALYZER_NUMBER_OBJECT_CONVERSION = YES_AGGRESSIVE;
				CLANG_CXX_LANGUAGE_STANDARD = "gnu++20";
				CLANG_ENABLE_MODULES = YES;
				CLANG_ENABLE_OBJC_ARC = YES;
				CLANG_ENABLE_OBJC_WEAK = YES;
				CLANG_WARN_BLOCK_CAPTURE_AUTORELEASING = YES;
				CLANG_WARN_BOOL_CONVERSION = YES;
				CLANG_WARN_COMMA = YES;
				CLANG_WARN_CONSTANT_CONVERSION = YES;
				CLANG_WARN_DEPRECATED_OBJC_IMPLEMENTATIONS = YES;
				CLANG_WARN_DIRECT_OBJC_ISA_USAGE = YES_ERROR;
				CLANG_WARN_DOCUMENTATION_COMMENTS = YES;
				CLANG_WARN_EMPTY_BODY = YES;
				CLANG_WARN_ENUM_CONVERSION = YES;
				CLANG_WARN_INFINITE_RECURSION = YES;
				CLANG_WARN_INT_CONVERSION = YES;
				CLANG_WARN_NON_LITERAL_NULL_CONVERSION = YES;
				CLANG_WARN_OBJC_IMPLICIT_RETAIN_SELF = YES;
				CLANG_WARN_OBJC_LITERAL_CONVERSION = YES;
				CLANG_WARN_OBJC_ROOT_CLASS = YES_ERROR;
				CLANG_WARN_QUOTED_INCLUDE_IN_FRAMEWORK_HEADER = YES;
				CLANG_WARN_RANGE_LOOP_ANALYSIS = YES;
				CLANG_WARN_STRICT_PROTOTYPES = YES;
				CLANG_WARN_SUSPICIOUS_MOVE = YES;
				CLANG_WARN_UNGUARDED_AVAILABILITY = YES_AGGRESSIVE;
				CLANG_WARN_UNREACHABLE_CODE = YES;
				CLANG_WARN__DUPLICATE_METHOD_MATCH = YES;
				COPY_PHASE_STRIP = NO;
				DEBUG_INFORMATION_FORMAT = "dwarf-with-dsym";
				ENABLE_NS_ASSERTIONS = NO;
				ENABLE_STRICT_OBJC_MSGSEND = YES;
				ENABLE_USER_SCRIPT_SANDBOXING = YES;
				GCC_C_LANGUAGE_STANDARD = gnu17;
				GCC_NO_COMMON_BLOCKS = YES;
				GCC_WARN_64_TO_32_BIT_CONVERSION = YES;
				GCC_WARN_ABOUT_RETURN_TYPE = YES_ERROR;
				GCC_WARN_UNDECLARED_SELECTOR = YES;
				GCC_WARN_UNINITIALIZED_AUTOS = YES_AGGRESSIVE;
				GCC_WARN_UNUSED_FUNCTION = YES;
				GCC_WARN_UNUSED_VARIABLE = YES;
				IPHONEOS_DEPLOYMENT_TARGET = 17.2;
				LOCALIZATION_PREFERS_STRING_CATALOGS = YES;
				MTL_ENABLE_DEBUG_INFO = NO;
				MTL_FAST_MATH = YES;
				SDKROOT = iphoneos;
				SWIFT_COMPILATION_MODE = wholemodule;
				VALIDATE_PRODUCT = YES;
			};
			name = Release;
		};
		5272D0D42B7E3D8D00A7F1AF /* Debug */ = {
			isa = XCBuildConfiguration;
			buildSettings = {
				ASSETCATALOG_COMPILER_APPICON_NAME = AppIcon;
				ASSETCATALOG_COMPILER_GLOBAL_ACCENT_COLOR_NAME = AccentColor;
				CODE_SIGN_STYLE = Automatic;
				CURRENT_PROJECT_VERSION = 1;
				DEVELOPMENT_TEAM = N72YV583PU;
				GENERATE_INFOPLIST_FILE = YES;
				INFOPLIST_FILE = "3d-public-transportation/Info.plist";
				INFOPLIST_KEY_NSLocationAlwaysAndWhenInUseUsageDescription = "위치 접근을 위해 권한이 필요합니다.";
				INFOPLIST_KEY_NSLocationAlwaysUsageDescription = "위치 접근을 위해 권한이 필요합니다.";
				INFOPLIST_KEY_NSLocationWhenInUseUsageDescription = "위치 접근을 위해 권한이 필요합니다.";
				INFOPLIST_KEY_UIApplicationSupportsIndirectInputEvents = YES;
				INFOPLIST_KEY_UILaunchStoryboardName = LaunchScreen;
				INFOPLIST_KEY_UIMainStoryboardFile = Main;
				INFOPLIST_KEY_UISupportedInterfaceOrientations_iPad = "UIInterfaceOrientationPortrait UIInterfaceOrientationPortraitUpsideDown UIInterfaceOrientationLandscapeLeft UIInterfaceOrientationLandscapeRight";
				INFOPLIST_KEY_UISupportedInterfaceOrientations_iPhone = "UIInterfaceOrientationPortrait UIInterfaceOrientationLandscapeLeft UIInterfaceOrientationLandscapeRight";
				IPHONEOS_DEPLOYMENT_TARGET = 15.0;
				LD_RUNPATH_SEARCH_PATHS = (
					"$(inherited)",
					"@executable_path/Frameworks",
				);
				MARKETING_VERSION = 1.0;
				PRODUCT_BUNDLE_IDENTIFIER = "chaeyeon.-d-public-transportation";
				PRODUCT_NAME = "$(TARGET_NAME)";
				SWIFT_EMIT_LOC_STRINGS = YES;
				SWIFT_VERSION = 5.0;
				TARGETED_DEVICE_FAMILY = "1,2";
			};
			name = Debug;
		};
		5272D0D52B7E3D8D00A7F1AF /* Release */ = {
			isa = XCBuildConfiguration;
			buildSettings = {
				ASSETCATALOG_COMPILER_APPICON_NAME = AppIcon;
				ASSETCATALOG_COMPILER_GLOBAL_ACCENT_COLOR_NAME = AccentColor;
				CODE_SIGN_STYLE = Automatic;
				CURRENT_PROJECT_VERSION = 1;
				DEVELOPMENT_TEAM = N72YV583PU;
				GENERATE_INFOPLIST_FILE = YES;
				INFOPLIST_FILE = "3d-public-transportation/Info.plist";
				INFOPLIST_KEY_NSLocationAlwaysAndWhenInUseUsageDescription = "위치 접근을 위해 권한이 필요합니다.";
				INFOPLIST_KEY_NSLocationAlwaysUsageDescription = "위치 접근을 위해 권한이 필요합니다.";
				INFOPLIST_KEY_NSLocationWhenInUseUsageDescription = "위치 접근을 위해 권한이 필요합니다.";
				INFOPLIST_KEY_UIApplicationSupportsIndirectInputEvents = YES;
				INFOPLIST_KEY_UILaunchStoryboardName = LaunchScreen;
				INFOPLIST_KEY_UIMainStoryboardFile = Main;
				INFOPLIST_KEY_UISupportedInterfaceOrientations_iPad = "UIInterfaceOrientationPortrait UIInterfaceOrientationPortraitUpsideDown UIInterfaceOrientationLandscapeLeft UIInterfaceOrientationLandscapeRight";
				INFOPLIST_KEY_UISupportedInterfaceOrientations_iPhone = "UIInterfaceOrientationPortrait UIInterfaceOrientationLandscapeLeft UIInterfaceOrientationLandscapeRight";
				IPHONEOS_DEPLOYMENT_TARGET = 15.0;
				LD_RUNPATH_SEARCH_PATHS = (
					"$(inherited)",
					"@executable_path/Frameworks",
				);
				MARKETING_VERSION = 1.0;
				PRODUCT_BUNDLE_IDENTIFIER = "chaeyeon.-d-public-transportation";
				PRODUCT_NAME = "$(TARGET_NAME)";
				SWIFT_EMIT_LOC_STRINGS = YES;
				SWIFT_VERSION = 5.0;
				TARGETED_DEVICE_FAMILY = "1,2";
			};
			name = Release;
		};
/* End XCBuildConfiguration section */

/* Begin XCConfigurationList section */
		5272D0BA2B7E3D8B00A7F1AF /* Build configuration list for PBXProject "3D-public-transportation" */ = {
			isa = XCConfigurationList;
			buildConfigurations = (
				5272D0D12B7E3D8D00A7F1AF /* Debug */,
				5272D0D22B7E3D8D00A7F1AF /* Release */,
			);
			defaultConfigurationIsVisible = 0;
			defaultConfigurationName = Release;
		};
		5272D0D32B7E3D8D00A7F1AF /* Build configuration list for PBXNativeTarget "3d-public-transportation" */ = {
			isa = XCConfigurationList;
			buildConfigurations = (
				5272D0D42B7E3D8D00A7F1AF /* Debug */,
				5272D0D52B7E3D8D00A7F1AF /* Release */,
			);
			defaultConfigurationIsVisible = 0;
			defaultConfigurationName = Release;
		};
/* End XCConfigurationList section */

/* Begin XCRemoteSwiftPackageReference section */
		5272D0D62B7E3DEC00A7F1AF /* XCRemoteSwiftPackageReference "mapbox-maps-ios" */ = {
			isa = XCRemoteSwiftPackageReference;
			repositoryURL = "https://github.com/mapbox/mapbox-maps-ios.git";
			requirement = {
				kind = exactVersion;
				version = 11.1.0;
			};
		};
/* End XCRemoteSwiftPackageReference section */

/* Begin XCSwiftPackageProductDependency section */
		5272D0D72B7E3DEC00A7F1AF /* MapboxMaps */ = {
			isa = XCSwiftPackageProductDependency;
			package = 5272D0D62B7E3DEC00A7F1AF /* XCRemoteSwiftPackageReference "mapbox-maps-ios" */;
			productName = MapboxMaps;
		};
/* End XCSwiftPackageProductDependency section */
	};
	rootObject = 5272D0B72B7E3D8B00A7F1AF /* Project object */;
}
